
Microsoft Visual Studio Solution File, Format Version 12.00
# Visual Studio Version 16
VisualStudioVersion = 16.0.30804.86
MinimumVisualStudioVersion = 10.0.40219.1
Project("{FAE04EC0-301F-11D3-BF4B-00C04F79EFBC}") = "DemoActionFilters", "DemoActionFilters\DemoActionFilters.csproj", "{AA7F86CF-0139-4C4A-B2DD-85BA73E3FB4D}"
EndProject
Global
	GlobalSection(SolutionConfigurationPlatforms) = preSolution
		Debug|Any CPU = Debug|Any CPU
		Release|Any CPU = Release|Any CPU
	EndGlobalSection
	GlobalSection(ProjectConfigurationPlatforms) = postSolution
		{AA7F86CF-0139-4C4A-B2DD-85BA73E3FB4D}.Debug|Any CPU.ActiveCfg = Debug|Any CPU
		{AA7F86CF-0139-4C4A-B2DD-85BA73E3FB4D}.Debug|Any CPU.Build.0 = Debug|Any CPU
		{AA7F86CF-0139-4C4A-B2DD-85BA73E3FB4D}.Release|Any CPU.ActiveCfg = Release|Any CPU
		{AA7F86CF-0139-4C4A-B2DD-85BA73E3FB4D}.Release|Any CPU.Build.0 = Release|Any CPU
	EndGlobalSection
	GlobalSection(SolutionProperties) = preSolution
		HideSolutionNode = FALSE
	EndGlobalSection
	GlobalSection(ExtensibilityGlobals) = postSolution
		SolutionGuid = {54B1895E-6E92-4FD4-B328-9D9EC1F73C04}
	EndGlobalSection
EndGlobal
